
Microsoft Visual Studio Solution File, Format Version 11.00
# Visual Studio 2010
Project("{FAE04EC0-301F-11D3-BF4B-00C04F79EFBC}") = "Obviously Games - 24th February", "Assembly-CSharp-firstpass.csproj", "{826A595B-9387-4580-066F-A62057272D21}"
EndProject
Project("{FAE04EC0-301F-11D3-BF4B-00C04F79EFBC}") = "Obviously Games - 24th February", "Assembly-CSharp.csproj", "{7AF8E293-BAAE-B50A-6DD4-56681F8640B2}"
EndProject
Project("{FAE04EC0-301F-11D3-BF4B-00C04F79EFBC}") = "Obviously Games - 24th February", "Assembly-CSharp-Editor.csproj", "{9D1482A7-E9F8-F464-BF04-33C22AF900F9}"
EndProject
Global
	GlobalSection(SolutionConfigurationPlatforms) = preSolution
		Debug|Any CPU = Debug|Any CPU
		Release|Any CPU = Release|Any CPU
	EndGlobalSection
	GlobalSection(ProjectConfigurationPlatforms) = postSolution
		{826A595B-9387-4580-066F-A62057272D21}.Debug|Any CPU.ActiveCfg = Debug|Any CPU
		{826A595B-9387-4580-066F-A62057272D21}.Debug|Any CPU.Build.0 = Debug|Any CPU
		{826A595B-9387-4580-066F-A62057272D21}.Release|Any CPU.ActiveCfg = Release|Any CPU
		{826A595B-9387-4580-066F-A62057272D21}.Release|Any CPU.Build.0 = Release|Any CPU
		{7AF8E293-BAAE-B50A-6DD4-56681F8640B2}.Debug|Any CPU.ActiveCfg = Debug|Any CPU
		{7AF8E293-BAAE-B50A-6DD4-56681F8640B2}.Debug|Any CPU.Build.0 = Debug|Any CPU
		{7AF8E293-BAAE-B50A-6DD4-56681F8640B2}.Release|Any CPU.ActiveCfg = Release|Any CPU
		{7AF8E293-BAAE-B50A-6DD4-56681F8640B2}.Release|Any CPU.Build.0 = Release|Any CPU
		{9D1482A7-E9F8-F464-BF04-33C22AF900F9}.Debug|Any CPU.ActiveCfg = Debug|Any CPU
		{9D1482A7-E9F8-F464-BF04-33C22AF900F9}.Debug|Any CPU.Build.0 = Debug|Any CPU
		{9D1482A7-E9F8-F464-BF04-33C22AF900F9}.Release|Any CPU.ActiveCfg = Release|Any CPU
		{9D1482A7-E9F8-F464-BF04-33C22AF900F9}.Release|Any CPU.Build.0 = Release|Any CPU
	EndGlobalSection
	GlobalSection(SolutionProperties) = preSolution
		HideSolutionNode = FALSE
	EndGlobalSection
	GlobalSection(MonoDevelopProperties) = preSolution
		StartupItem = Assembly-CSharp.csproj
	EndGlobalSection
EndGlobal
