
Microsoft Visual Studio Solution File, Format Version 11.00
# Visual Studio 2010
Project("{FAE04EC0-301F-11D3-BF4B-00C04F79EFBC}") = "Vive Build", "Assembly-CSharp-firstpass.csproj", "{35BE15FE-BDE9-23CD-41D3-0D5E0ED898A8}"
EndProject
Project("{FAE04EC0-301F-11D3-BF4B-00C04F79EFBC}") = "Vive Build", "Assembly-CSharp.csproj", "{0F729050-A91B-5E10-A859-DCB3DF52D2AA}"
EndProject
Project("{FAE04EC0-301F-11D3-BF4B-00C04F79EFBC}") = "Vive Build", "Assembly-CSharp-Editor.csproj", "{47DE1CBB-3ADB-5399-1177-22E537A75EE4}"
EndProject
Global
	GlobalSection(SolutionConfigurationPlatforms) = preSolution
		Debug|Any CPU = Debug|Any CPU
		Release|Any CPU = Release|Any CPU
	EndGlobalSection
	GlobalSection(ProjectConfigurationPlatforms) = postSolution
		{35BE15FE-BDE9-23CD-41D3-0D5E0ED898A8}.Debug|Any CPU.ActiveCfg = Debug|Any CPU
		{35BE15FE-BDE9-23CD-41D3-0D5E0ED898A8}.Debug|Any CPU.Build.0 = Debug|Any CPU
		{35BE15FE-BDE9-23CD-41D3-0D5E0ED898A8}.Release|Any CPU.ActiveCfg = Release|Any CPU
		{35BE15FE-BDE9-23CD-41D3-0D5E0ED898A8}.Release|Any CPU.Build.0 = Release|Any CPU
		{0F729050-A91B-5E10-A859-DCB3DF52D2AA}.Debug|Any CPU.ActiveCfg = Debug|Any CPU
		{0F729050-A91B-5E10-A859-DCB3DF52D2AA}.Debug|Any CPU.Build.0 = Debug|Any CPU
		{0F729050-A91B-5E10-A859-DCB3DF52D2AA}.Release|Any CPU.ActiveCfg = Release|Any CPU
		{0F729050-A91B-5E10-A859-DCB3DF52D2AA}.Release|Any CPU.Build.0 = Release|Any CPU
		{47DE1CBB-3ADB-5399-1177-22E537A75EE4}.Debug|Any CPU.ActiveCfg = Debug|Any CPU
		{47DE1CBB-3ADB-5399-1177-22E537A75EE4}.Debug|Any CPU.Build.0 = Debug|Any CPU
		{47DE1CBB-3ADB-5399-1177-22E537A75EE4}.Release|Any CPU.ActiveCfg = Release|Any CPU
		{47DE1CBB-3ADB-5399-1177-22E537A75EE4}.Release|Any CPU.Build.0 = Release|Any CPU
	EndGlobalSection
	GlobalSection(SolutionProperties) = preSolution
		HideSolutionNode = FALSE
	EndGlobalSection
	GlobalSection(MonoDevelopProperties) = preSolution
		StartupItem = Assembly-CSharp.csproj
	EndGlobalSection
EndGlobal
